
Microsoft Visual Studio Solution File, Format Version 12.00
# Visual Studio Version 17
VisualStudioVersion = 17.10.35013.160
MinimumVisualStudioVersion = 10.0.40219.1
Project("{8BC9CEB8-8B4A-11D0-8D11-00A0C91BC942}") = "orb-slam3-windows", "orb-slam3-windows.vcxproj", "{E67C2779-0663-4BCB-92BC-50BF159FD2C4}"
EndProject
Global
	GlobalSection(SolutionConfigurationPlatforms) = preSolution
		Debug|x64 = Debug|x64
		Debug|x86 = Debug|x86
		Release|x64 = Release|x64
		Release|x86 = Release|x86
	EndGlobalSection
	GlobalSection(ProjectConfigurationPlatforms) = postSolution
		{E67C2779-0663-4BCB-92BC-50BF159FD2C4}.Debug|x64.ActiveCfg = Debug|x64
		{E67C2779-0663-4BCB-92BC-50BF159FD2C4}.Debug|x64.Build.0 = Debug|x64
		{E67C2779-0663-4BCB-92BC-50BF159FD2C4}.Debug|x86.ActiveCfg = Debug|Win32
		{E67C2779-0663-4BCB-92BC-50BF159FD2C4}.Debug|x86.Build.0 = Debug|Win32
		{E67C2779-0663-4BCB-92BC-50BF159FD2C4}.Release|x64.ActiveCfg = Release|x64
		{E67C2779-0663-4BCB-92BC-50BF159FD2C4}.Release|x64.Build.0 = Release|x64
		{E67C2779-0663-4BCB-92BC-50BF159FD2C4}.Release|x86.ActiveCfg = Release|Win32
		{E67C2779-0663-4BCB-92BC-50BF159FD2C4}.Release|x86.Build.0 = Release|Win32
	EndGlobalSection
	GlobalSection(SolutionProperties) = preSolution
		HideSolutionNode = FALSE
	EndGlobalSection
	GlobalSection(ExtensibilityGlobals) = postSolution
		SolutionGuid = {04DBA119-01E3-49F2-A004-D9EAE7CDCE0F}
	EndGlobalSection
EndGlobal
